
Microsoft Visual Studio Solution File, Format Version 12.00
# Visual Studio 15
VisualStudioVersion = 15.0.28307.779
MinimumVisualStudioVersion = 10.0.40219.1
Project("{FAE04EC0-301F-11D3-BF4B-00C04F79EFBC}") = "SMS", "SMS\SMS.csproj", "{F603961C-7430-459D-BA6E-217F9EE9168B}"
EndProject
Global
	GlobalSection(SolutionConfigurationPlatforms) = preSolution
		Debug|Any CPU = Debug|Any CPU
		Release|Any CPU = Release|Any CPU
	EndGlobalSection
	GlobalSection(ProjectConfigurationPlatforms) = postSolution
		{F603961C-7430-459D-BA6E-217F9EE9168B}.Debug|Any CPU.ActiveCfg = Debug|Any CPU
		{F603961C-7430-459D-BA6E-217F9EE9168B}.Debug|Any CPU.Build.0 = Debug|Any CPU
		{F603961C-7430-459D-BA6E-217F9EE9168B}.Release|Any CPU.ActiveCfg = Release|Any CPU
		{F603961C-7430-459D-BA6E-217F9EE9168B}.Release|Any CPU.Build.0 = Release|Any CPU
	EndGlobalSection
	GlobalSection(SolutionProperties) = preSolution
		HideSolutionNode = FALSE
	EndGlobalSection
	GlobalSection(ExtensibilityGlobals) = postSolution
		SolutionGuid = {75146B7B-9087-45BE-84E8-AFBBCF149648}
	EndGlobalSection
EndGlobal
